
Microsoft Visual Studio Solution File, Format Version 12.00
# Visual Studio Version 17
VisualStudioVersion = 17.2.32519.379
MinimumVisualStudioVersion = 10.0.40219.1
Project("{FAE04EC0-301F-11D3-BF4B-00C04F79EFBC}") = "OtusHomeWork9", "OtusHomeWork9\OtusHomeWork9.csproj", "{07212E2A-0D6D-400F-8FFA-0EDEDBC80492}"
EndProject
Global
	GlobalSection(SolutionConfigurationPlatforms) = preSolution
		Debug|Any CPU = Debug|Any CPU
		Release|Any CPU = Release|Any CPU
	EndGlobalSection
	GlobalSection(ProjectConfigurationPlatforms) = postSolution
		{07212E2A-0D6D-400F-8FFA-0EDEDBC80492}.Debug|Any CPU.ActiveCfg = Debug|Any CPU
		{07212E2A-0D6D-400F-8FFA-0EDEDBC80492}.Debug|Any CPU.Build.0 = Debug|Any CPU
		{07212E2A-0D6D-400F-8FFA-0EDEDBC80492}.Release|Any CPU.ActiveCfg = Release|Any CPU
		{07212E2A-0D6D-400F-8FFA-0EDEDBC80492}.Release|Any CPU.Build.0 = Release|Any CPU
	EndGlobalSection
	GlobalSection(SolutionProperties) = preSolution
		HideSolutionNode = FALSE
	EndGlobalSection
	GlobalSection(ExtensibilityGlobals) = postSolution
		SolutionGuid = {4E39CD9B-4233-46A7-8A95-778774F20C04}
	EndGlobalSection
EndGlobal
